// !$*UTF8*$!
{
	archiveVersion = 1;
	classes = {
	};
	objectVersion = 46;
	objects = {

/* Begin PBXBuildFile section */
		820A1BC11B7A4CD08505E003 /* libPods.a in Frameworks */ = {isa = PBXBuildFile; fileRef = 4D8A5DE6D80941A7B165F619 /* libPods.a */; };
		DE5D6B08192AA28D000497A3 /* Foundation.framework in Frameworks */ = {isa = PBXBuildFile; fileRef = DE5D6B07192AA28D000497A3 /* Foundation.framework */; };
		DE5D6B0A192AA28D000497A3 /* CoreGraphics.framework in Frameworks */ = {isa = PBXBuildFile; fileRef = DE5D6B09192AA28D000497A3 /* CoreGraphics.framework */; };
		DE5D6B0C192AA28D000497A3 /* UIKit.framework in Frameworks */ = {isa = PBXBuildFile; fileRef = DE5D6B0B192AA28D000497A3 /* UIKit.framework */; };
		DE5D6B12192AA28D000497A3 /* InfoPlist.strings in Resources */ = {isa = PBXBuildFile; fileRef = DE5D6B10192AA28D000497A3 /* InfoPlist.strings */; };
		DE5D6B14192AA28D000497A3 /* main.m in Sources */ = {isa = PBXBuildFile; fileRef = DE5D6B13192AA28D000497A3 /* main.m */; };
		DE5D6B18192AA28D000497A3 /* TTAppDelegate.m in Sources */ = {isa = PBXBuildFile; fileRef = DE5D6B17192AA28D000497A3 /* TTAppDelegate.m */; };
		DE5D6B1A192AA28D000497A3 /* Images.xcassets in Resources */ = {isa = PBXBuildFile; fileRef = DE5D6B19192AA28D000497A3 /* Images.xcassets */; };
		DE5D6B21192AA28E000497A3 /* XCTest.framework in Frameworks */ = {isa = PBXBuildFile; fileRef = DE5D6B20192AA28E000497A3 /* XCTest.framework */; };
		DE5D6B22192AA28E000497A3 /* Foundation.framework in Frameworks */ = {isa = PBXBuildFile; fileRef = DE5D6B07192AA28D000497A3 /* Foundation.framework */; };
		DE5D6B23192AA28E000497A3 /* UIKit.framework in Frameworks */ = {isa = PBXBuildFile; fileRef = DE5D6B0B192AA28D000497A3 /* UIKit.framework */; };
		DE5D6B2B192AA28E000497A3 /* InfoPlist.strings in Resources */ = {isa = PBXBuildFile; fileRef = DE5D6B29192AA28E000497A3 /* InfoPlist.strings */; };
		DE5D6B2D192AA28E000497A3 /* Tick_TockTests.m in Sources */ = {isa = PBXBuildFile; fileRef = DE5D6B2C192AA28E000497A3 /* Tick_TockTests.m */; };
		DE5D6B3B192AA5C1000497A3 /* TTClockViewController.m in Sources */ = {isa = PBXBuildFile; fileRef = DE5D6B3A192AA5C1000497A3 /* TTClockViewController.m */; };
		DE5D6B3D192AA73D000497A3 /* TTClockViewController.xib in Resources */ = {isa = PBXBuildFile; fileRef = DE5D6B3C192AA73D000497A3 /* TTClockViewController.xib */; };
		DE5D6B40192AA76D000497A3 /* UIColor+TTColors.m in Sources */ = {isa = PBXBuildFile; fileRef = DE5D6B3F192AA76D000497A3 /* UIColor+TTColors.m */; };
/* End PBXBuildFile section */

/* Begin PBXContainerItemProxy section */
		DE5D6B24192AA28E000497A3 /* PBXContainerItemProxy */ = {
			isa = PBXContainerItemProxy;
			containerPortal = DE5D6AFC192AA28D000497A3 /* Project object */;
			proxyType = 1;
			remoteGlobalIDString = DE5D6B03192AA28D000497A3;
			remoteInfo = "Tick Tock";
		};
/* End PBXContainerItemProxy section */

/* Begin PBXFileReference section */
		2CDB8BE970964636BC302974 /* Pods.xcconfig */ = {isa = PBXFileReference; includeInIndex = 1; lastKnownFileType = text.xcconfig; name = Pods.xcconfig; path = Pods/Pods.xcconfig; sourceTree = "<group>"; };
		4D8A5DE6D80941A7B165F619 /* libPods.a */ = {isa = PBXFileReference; explicitFileType = archive.ar; includeInIndex = 0; path = libPods.a; sourceTree = BUILT_PRODUCTS_DIR; };
		DE5D6B04192AA28D000497A3 /* Tick Tock.app */ = {isa = PBXFileReference; explicitFileType = wrapper.application; includeInIndex = 0; path = "Tick Tock.app"; sourceTree = BUILT_PRODUCTS_DIR; };
		DE5D6B07192AA28D000497A3 /* Foundation.framework */ = {isa = PBXFileReference; lastKnownFileType = wrapper.framework; name = Foundation.framework; path = System/Library/Frameworks/Foundation.framework; sourceTree = SDKROOT; };
		DE5D6B09192AA28D000497A3 /* CoreGraphics.framework */ = {isa = PBXFileReference; lastKnownFileType = wrapper.framework; name = CoreGraphics.framework; path = System/Library/Frameworks/CoreGraphics.framework; sourceTree = SDKROOT; };
		DE5D6B0B192AA28D000497A3 /* UIKit.framework */ = {isa = PBXFileReference; lastKnownFileType = wrapper.framework; name = UIKit.framework; path = System/Library/Frameworks/UIKit.framework; sourceTree = SDKROOT; };
		DE5D6B0F192AA28D000497A3 /* Tick Tock-Info.plist */ = {isa = PBXFileReference; lastKnownFileType = text.plist.xml; path = "Tick Tock-Info.plist"; sourceTree = "<group>"; };
		DE5D6B11192AA28D000497A3 /* en */ = {isa = PBXFileReference; lastKnownFileType = text.plist.strings; name = en; path = en.lproj/InfoPlist.strings; sourceTree = "<group>"; };
		DE5D6B13192AA28D000497A3 /* main.m */ = {isa = PBXFileReference; lastKnownFileType = sourcecode.c.objc; path = main.m; sourceTree = "<group>"; };
		DE5D6B15192AA28D000497A3 /* Tick Tock-Prefix.pch */ = {isa = PBXFileReference; lastKnownFileType = sourcecode.c.h; path = "Tick Tock-Prefix.pch"; sourceTree = "<group>"; };
		DE5D6B16192AA28D000497A3 /* TTAppDelegate.h */ = {isa = PBXFileReference; lastKnownFileType = sourcecode.c.h; path = TTAppDelegate.h; sourceTree = "<group>"; };
		DE5D6B17192AA28D000497A3 /* TTAppDelegate.m */ = {isa = PBXFileReference; lastKnownFileType = sourcecode.c.objc; path = TTAppDelegate.m; sourceTree = "<group>"; };
		DE5D6B19192AA28D000497A3 /* Images.xcassets */ = {isa = PBXFileReference; lastKnownFileType = folder.assetcatalog; path = Images.xcassets; sourceTree = "<group>"; };
		DE5D6B1F192AA28E000497A3 /* Tick TockTests.xctest */ = {isa = PBXFileReference; explicitFileType = wrapper.cfbundle; includeInIndex = 0; path = "Tick TockTests.xctest"; sourceTree = BUILT_PRODUCTS_DIR; };
		DE5D6B20192AA28E000497A3 /* XCTest.framework */ = {isa = PBXFileReference; lastKnownFileType = wrapper.framework; name = XCTest.framework; path = Library/Frameworks/XCTest.framework; sourceTree = DEVELOPER_DIR; };
		DE5D6B28192AA28E000497A3 /* Tick TockTests-Info.plist */ = {isa = PBXFileReference; lastKnownFileType = text.plist.xml; path = "Tick TockTests-Info.plist"; sourceTree = "<group>"; };
		DE5D6B2A192AA28E000497A3 /* en */ = {isa = PBXFileReference; lastKnownFileType = text.plist.strings; name = en; path = en.lproj/InfoPlist.strings; sourceTree = "<group>"; };
		DE5D6B2C192AA28E000497A3 /* Tick_TockTests.m */ = {isa = PBXFileReference; lastKnownFileType = sourcecode.c.objc; path = Tick_TockTests.m; sourceTree = "<group>"; };
		DE5D6B39192AA5C1000497A3 /* TTClockViewController.h */ = {isa = PBXFileReference; fileEncoding = 4; lastKnownFileType = sourcecode.c.h; path = TTClockViewController.h; sourceTree = "<group>"; };
		DE5D6B3A192AA5C1000497A3 /* TTClockViewController.m */ = {isa = PBXFileReference; fileEncoding = 4; lastKnownFileType = sourcecode.c.objc; path = TTClockViewController.m; sourceTree = "<group>"; };
		DE5D6B3C192AA73D000497A3 /* TTClockViewController.xib */ = {isa = PBXFileReference; fileEncoding = 4; lastKnownFileType = file.xib; path = TTClockViewController.xib; sourceTree = "<group>"; };
		DE5D6B3E192AA76D000497A3 /* UIColor+TTColors.h */ = {isa = PBXFileReference; fileEncoding = 4; lastKnownFileType = sourcecode.c.h; path = "UIColor+TTColors.h"; sourceTree = "<group>"; };
		DE5D6B3F192AA76D000497A3 /* UIColor+TTColors.m */ = {isa = PBXFileReference; fileEncoding = 4; lastKnownFileType = sourcecode.c.objc; path = "UIColor+TTColors.m"; sourceTree = "<group>"; };
/* End PBXFileReference section */

/* Begin PBXFrameworksBuildPhase section */
		DE5D6B01192AA28D000497A3 /* Frameworks */ = {
			isa = PBXFrameworksBuildPhase;
			buildActionMask = 2147483647;
			files = (
				DE5D6B0A192AA28D000497A3 /* CoreGraphics.framework in Frameworks */,
				DE5D6B0C192AA28D000497A3 /* UIKit.framework in Frameworks */,
				DE5D6B08192AA28D000497A3 /* Foundation.framework in Frameworks */,
				820A1BC11B7A4CD08505E003 /* libPods.a in Frameworks */,
			);
			runOnlyForDeploymentPostprocessing = 0;
		};
		DE5D6B1C192AA28E000497A3 /* Frameworks */ = {
			isa = PBXFrameworksBuildPhase;
			buildActionMask = 2147483647;
			files = (
				DE5D6B21192AA28E000497A3 /* XCTest.framework in Frameworks */,
				DE5D6B23192AA28E000497A3 /* UIKit.framework in Frameworks */,
				DE5D6B22192AA28E000497A3 /* Foundation.framework in Frameworks */,
			);
			runOnlyForDeploymentPostprocessing = 0;
		};
/* End PBXFrameworksBuildPhase section */

/* Begin PBXGroup section */
		DE5D6AFB192AA28D000497A3 = {
			isa = PBXGroup;
			children = (
				DE5D6B0D192AA28D000497A3 /* Tick Tock */,
				DE5D6B26192AA28E000497A3 /* Tick TockTests */,
				DE5D6B06192AA28D000497A3 /* Frameworks */,
				DE5D6B05192AA28D000497A3 /* Products */,
				2CDB8BE970964636BC302974 /* Pods.xcconfig */,
			);
			sourceTree = "<group>";
		};
		DE5D6B05192AA28D000497A3 /* Products */ = {
			isa = PBXGroup;
			children = (
				DE5D6B04192AA28D000497A3 /* Tick Tock.app */,
				DE5D6B1F192AA28E000497A3 /* Tick TockTests.xctest */,
			);
			name = Products;
			sourceTree = "<group>";
		};
		DE5D6B06192AA28D000497A3 /* Frameworks */ = {
			isa = PBXGroup;
			children = (
				DE5D6B07192AA28D000497A3 /* Foundation.framework */,
				DE5D6B09192AA28D000497A3 /* CoreGraphics.framework */,
				DE5D6B0B192AA28D000497A3 /* UIKit.framework */,
				DE5D6B20192AA28E000497A3 /* XCTest.framework */,
				4D8A5DE6D80941A7B165F619 /* libPods.a */,
			);
			name = Frameworks;
			sourceTree = "<group>";
		};
		DE5D6B0D192AA28D000497A3 /* Tick Tock */ = {
			isa = PBXGroup;
			children = (
				DE5D6B16192AA28D000497A3 /* TTAppDelegate.h */,
				DE5D6B17192AA28D000497A3 /* TTAppDelegate.m */,
				DE5D6B36192AA559000497A3 /* Categories */,
				DE5D6B38192AA559000497A3 /* ViewControllers */,
				DE5D6B19192AA28D000497A3 /* Images.xcassets */,
				DE5D6B0E192AA28D000497A3 /* Supporting Files */,
			);
			path = "Tick Tock";
			sourceTree = "<group>";
		};
		DE5D6B0E192AA28D000497A3 /* Supporting Files */ = {
			isa = PBXGroup;
			children = (
				DE5D6B0F192AA28D000497A3 /* Tick Tock-Info.plist */,
				DE5D6B10192AA28D000497A3 /* InfoPlist.strings */,
				DE5D6B13192AA28D000497A3 /* main.m */,
				DE5D6B15192AA28D000497A3 /* Tick Tock-Prefix.pch */,
			);
			name = "Supporting Files";
			sourceTree = "<group>";
		};
		DE5D6B26192AA28E000497A3 /* Tick TockTests */ = {
			isa = PBXGroup;
			children = (
				DE5D6B2C192AA28E000497A3 /* Tick_TockTests.m */,
				DE5D6B27192AA28E000497A3 /* Supporting Files */,
			);
			path = "Tick TockTests";
			sourceTree = "<group>";
		};
		DE5D6B27192AA28E000497A3 /* Supporting Files */ = {
			isa = PBXGroup;
			children = (
				DE5D6B28192AA28E000497A3 /* Tick TockTests-Info.plist */,
				DE5D6B29192AA28E000497A3 /* InfoPlist.strings */,
			);
			name = "Supporting Files";
			sourceTree = "<group>";
		};
		DE5D6B36192AA559000497A3 /* Categories */ = {
			isa = PBXGroup;
			children = (
				DE5D6B3E192AA76D000497A3 /* UIColor+TTColors.h */,
				DE5D6B3F192AA76D000497A3 /* UIColor+TTColors.m */,
			);
			path = Categories;
			sourceTree = "<group>";
		};
		DE5D6B38192AA559000497A3 /* ViewControllers */ = {
			isa = PBXGroup;
			children = (
				DE5D6B39192AA5C1000497A3 /* TTClockViewController.h */,
				DE5D6B3A192AA5C1000497A3 /* TTClockViewController.m */,
				DE5D6B3C192AA73D000497A3 /* TTClockViewController.xib */,
			);
			path = ViewControllers;
			sourceTree = "<group>";
		};
/* End PBXGroup section */

/* Begin PBXNativeTarget section */
		DE5D6B03192AA28D000497A3 /* Tick Tock */ = {
			isa = PBXNativeTarget;
			buildConfigurationList = DE5D6B30192AA28E000497A3 /* Build configuration list for PBXNativeTarget "Tick Tock" */;
			buildPhases = (
				D3C96A5333114810A81309BB /* Check Pods Manifest.lock */,
				DE5D6B00192AA28D000497A3 /* Sources */,
				DE5D6B01192AA28D000497A3 /* Frameworks */,
				DE5D6B02192AA28D000497A3 /* Resources */,
				A3479F8D2B8E44D5AFAB1352 /* Copy Pods Resources */,
			);
			buildRules = (
			);
			dependencies = (
			);
			name = "Tick Tock";
			productName = "Tick Tock";
			productReference = DE5D6B04192AA28D000497A3 /* Tick Tock.app */;
			productType = "com.apple.product-type.application";
		};
		DE5D6B1E192AA28E000497A3 /* Tick TockTests */ = {
			isa = PBXNativeTarget;
			buildConfigurationList = DE5D6B33192AA28E000497A3 /* Build configuration list for PBXNativeTarget "Tick TockTests" */;
			buildPhases = (
				DE5D6B1B192AA28E000497A3 /* Sources */,
				DE5D6B1C192AA28E000497A3 /* Frameworks */,
				DE5D6B1D192AA28E000497A3 /* Resources */,
			);
			buildRules = (
			);
			dependencies = (
				DE5D6B25192AA28E000497A3 /* PBXTargetDependency */,
			);
			name = "Tick TockTests";
			productName = "Tick TockTests";
			productReference = DE5D6B1F192AA28E000497A3 /* Tick TockTests.xctest */;
			productType = "com.apple.product-type.bundle.unit-test";
		};
/* End PBXNativeTarget section */

/* Begin PBXProject section */
		DE5D6AFC192AA28D000497A3 /* Project object */ = {
			isa = PBXProject;
			attributes = {
				CLASSPREFIX = TT;
				LastUpgradeCheck = 0510;
				TargetAttributes = {
					DE5D6B1E192AA28E000497A3 = {
						TestTargetID = DE5D6B03192AA28D000497A3;
					};
				};
			};
			buildConfigurationList = DE5D6AFF192AA28D000497A3 /* Build configuration list for PBXProject "Tick Tock" */;
			compatibilityVersion = "Xcode 3.2";
			developmentRegion = English;
			hasScannedForEncodings = 0;
			knownRegions = (
				en,
			);
			mainGroup = DE5D6AFB192AA28D000497A3;
			productRefGroup = DE5D6B05192AA28D000497A3 /* Products */;
			projectDirPath = "";
			projectRoot = "";
			targets = (
				DE5D6B03192AA28D000497A3 /* Tick Tock */,
				DE5D6B1E192AA28E000497A3 /* Tick TockTests */,
			);
		};
/* End PBXProject section */

/* Begin PBXResourcesBuildPhase section */
		DE5D6B02192AA28D000497A3 /* Resources */ = {
			isa = PBXResourcesBuildPhase;
			buildActionMask = 2147483647;
			files = (
				DE5D6B12192AA28D000497A3 /* InfoPlist.strings in Resources */,
				DE5D6B1A192AA28D000497A3 /* Images.xcassets in Resources */,
				DE5D6B3D192AA73D000497A3 /* TTClockViewController.xib in Resources */,
			);
			runOnlyForDeploymentPostprocessing = 0;
		};
		DE5D6B1D192AA28E000497A3 /* Resources */ = {
			isa = PBXResourcesBuildPhase;
			buildActionMask = 2147483647;
			files = (
				DE5D6B2B192AA28E000497A3 /* InfoPlist.strings in Resources */,
			);
			runOnlyForDeploymentPostprocessing = 0;
		};
/* End PBXResourcesBuildPhase section */

/* Begin PBXShellScriptBuildPhase section */
		A3479F8D2B8E44D5AFAB1352 /* Copy Pods Resources */ = {
			isa = PBXShellScriptBuildPhase;
			buildActionMask = 2147483647;
			files = (
			);
			inputPaths = (
			);
			name = "Copy Pods Resources";
			outputPaths = (
			);
			runOnlyForDeploymentPostprocessing = 0;
			shellPath = /bin/sh;
			shellScript = "\"${SRCROOT}/Pods/Pods-resources.sh\"\n";
			showEnvVarsInLog = 0;
		};
		D3C96A5333114810A81309BB /* Check Pods Manifest.lock */ = {
			isa = PBXShellScriptBuildPhase;
			buildActionMask = 2147483647;
			files = (
			);
			inputPaths = (
			);
			name = "Check Pods Manifest.lock";
			outputPaths = (
			);
			runOnlyForDeploymentPostprocessing = 0;
			shellPath = /bin/sh;
			shellScript = "diff \"${PODS_ROOT}/../Podfile.lock\" \"${PODS_ROOT}/Manifest.lock\" > /dev/null\nif [[ $? != 0 ]] ; then\n    cat << EOM\nerror: The sandbox is not in sync with the Podfile.lock. Run 'pod install' or update your CocoaPods installation.\nEOM\n    exit 1\nfi\n";
			showEnvVarsInLog = 0;
		};
/* End PBXShellScriptBuildPhase section */

/* Begin PBXSourcesBuildPhase section */
		DE5D6B00192AA28D000497A3 /* Sources */ = {
			isa = PBXSourcesBuildPhase;
			buildActionMask = 2147483647;
			files = (
				DE5D6B3B192AA5C1000497A3 /* TTClockViewController.m in Sources */,
				DE5D6B18192AA28D000497A3 /* TTAppDelegate.m in Sources */,
				DE5D6B14192AA28D000497A3 /* main.m in Sources */,
				DE5D6B40192AA76D000497A3 /* UIColor+TTColors.m in Sources */,
			);
			runOnlyForDeploymentPostprocessing = 0;
		};
		DE5D6B1B192AA28E000497A3 /* Sources */ = {
			isa = PBXSourcesBuildPhase;
			buildActionMask = 2147483647;
			files = (
				DE5D6B2D192AA28E000497A3 /* Tick_TockTests.m in Sources */,
			);
			runOnlyForDeploymentPostprocessing = 0;
		};
/* End PBXSourcesBuildPhase section */

/* Begin PBXTargetDependency section */
		DE5D6B25192AA28E000497A3 /* PBXTargetDependency */ = {
			isa = PBXTargetDependency;
			target = DE5D6B03192AA28D000497A3 /* Tick Tock */;
			targetProxy = DE5D6B24192AA28E000497A3 /* PBXContainerItemProxy */;
		};
/* End PBXTargetDependency section */

/* Begin PBXVariantGroup section */
		DE5D6B10192AA28D000497A3 /* InfoPlist.strings */ = {
			isa = PBXVariantGroup;
			children = (
				DE5D6B11192AA28D000497A3 /* en */,
			);
			name = InfoPlist.strings;
			sourceTree = "<group>";
		};
		DE5D6B29192AA28E000497A3 /* InfoPlist.strings */ = {
			isa = PBXVariantGroup;
			children = (
				DE5D6B2A192AA28E000497A3 /* en */,
			);
			name = InfoPlist.strings;
			sourceTree = "<group>";
		};
/* End PBXVariantGroup section */

/* Begin XCBuildConfiguration section */
		DE5D6B2E192AA28E000497A3 /* Debug */ = {
			isa = XCBuildConfiguration;
			buildSettings = {
				ALWAYS_SEARCH_USER_PATHS = NO;
				CLANG_CXX_LANGUAGE_STANDARD = "gnu++0x";
				CLANG_CXX_LIBRARY = "libc++";
				CLANG_ENABLE_MODULES = YES;
				CLANG_ENABLE_OBJC_ARC = YES;
				CLANG_WARN_BOOL_CONVERSION = YES;
				CLANG_WARN_CONSTANT_CONVERSION = YES;
				CLANG_WARN_DIRECT_OBJC_ISA_USAGE = YES_ERROR;
				CLANG_WARN_EMPTY_BODY = YES;
				CLANG_WARN_ENUM_CONVERSION = YES;
				CLANG_WARN_INT_CONVERSION = YES;
				CLANG_WARN_OBJC_ROOT_CLASS = YES_ERROR;
				CLANG_WARN__DUPLICATE_METHOD_MATCH = YES;
				"CODE_SIGN_IDENTITY[sdk=iphoneos*]" = "iPhone Developer";
				COPY_PHASE_STRIP = NO;
				GCC_C_LANGUAGE_STANDARD = gnu99;
				GCC_DYNAMIC_NO_PIC = NO;
				GCC_OPTIMIZATION_LEVEL = 0;
				GCC_PREPROCESSOR_DEFINITIONS = (
					"DEBUG=1",
					"$(inherited)",
				);
				GCC_SYMBOLS_PRIVATE_EXTERN = NO;
				GCC_WARN_64_TO_32_BIT_CONVERSION = YES;
				GCC_WARN_ABOUT_RETURN_TYPE = YES_ERROR;
				GCC_WARN_UNDECLARED_SELECTOR = YES;
				GCC_WARN_UNINITIALIZED_AUTOS = YES_AGGRESSIVE;
				GCC_WARN_UNUSED_FUNCTION = YES;
				GCC_WARN_UNUSED_VARIABLE = YES;
				IPHONEOS_DEPLOYMENT_TARGET = 7.1;
				ONLY_ACTIVE_ARCH = YES;
				SDKROOT = iphoneos;
			};
			name = Debug;
		};
		DE5D6B2F192AA28E000497A3 /* Release */ = {
			isa = XCBuildConfiguration;
			buildSettings = {
				ALWAYS_SEARCH_USER_PATHS = NO;
				CLANG_CXX_LANGUAGE_STANDARD = "gnu++0x";
				CLANG_CXX_LIBRARY = "libc++";
				CLANG_ENABLE_MODULES = YES;
				CLANG_ENABLE_OBJC_ARC = YES;
				CLANG_WARN_BOOL_CONVERSION = YES;
				CLANG_WARN_CONSTANT_CONVERSION = YES;
				CLANG_WARN_DIRECT_OBJC_ISA_USAGE = YES_ERROR;
				CLANG_WARN_EMPTY_BODY = YES;
				CLANG_WARN_ENUM_CONVERSION = YES;
				CLANG_WARN_INT_CONVERSION = YES;
				CLANG_WARN_OBJC_ROOT_CLASS = YES_ERROR;
				CLANG_WARN__DUPLICATE_METHOD_MATCH = YES;
				"CODE_SIGN_IDENTITY[sdk=iphoneos*]" = "iPhone Developer";
				COPY_PHASE_STRIP = YES;
				ENABLE_NS_ASSERTIONS = NO;
				GCC_C_LANGUAGE_STANDARD = gnu99;
				GCC_WARN_64_TO_32_BIT_CONVERSION = YES;
				GCC_WARN_ABOUT_RETURN_TYPE = YES_ERROR;
				GCC_WARN_UNDECLARED_SELECTOR = YES;
				GCC_WARN_UNINITIALIZED_AUTOS = YES_AGGRESSIVE;
				GCC_WARN_UNUSED_FUNCTION = YES;
				GCC_WARN_UNUSED_VARIABLE = YES;
				IPHONEOS_DEPLOYMENT_TARGET = 7.1;
				SDKROOT = iphoneos;
				VALIDATE_PRODUCT = YES;
			};
			name = Release;
		};
		DE5D6B31192AA28E000497A3 /* Debug */ = {
			isa = XCBuildConfiguration;
			baseConfigurationReference = 2CDB8BE970964636BC302974 /* Pods.xcconfig */;
			buildSettings = {
				ASSETCATALOG_COMPILER_APPICON_NAME = AppIcon;
				ASSETCATALOG_COMPILER_LAUNCHIMAGE_NAME = LaunchImage;
				CODE_SIGN_IDENTITY = "iPhone Developer: Wesley Lindsay (R2BZ4GNWCX)";
				GCC_PRECOMPILE_PREFIX_HEADER = YES;
				GCC_PREFIX_HEADER = "Tick Tock/Tick Tock-Prefix.pch";
				INFOPLIST_FILE = "Tick Tock/Tick Tock-Info.plist";
				PRODUCT_NAME = "$(TARGET_NAME)";
				WRAPPER_EXTENSION = app;
			};
			name = Debug;
		};
		DE5D6B32192AA28E000497A3 /* Release */ = {
			isa = XCBuildConfiguration;
			baseConfigurationReference = 2CDB8BE970964636BC302974 /* Pods.xcconfig */;
			buildSettings = {
				ASSETCATALOG_COMPILER_APPICON_NAME = AppIcon;
				ASSETCATALOG_COMPILER_LAUNCHIMAGE_NAME = LaunchImage;
				CODE_SIGN_IDENTITY = "iPhone Distribution: Wesley Lindsay (Z963FK7GJ4)";
				GCC_PRECOMPILE_PREFIX_HEADER = YES;
				GCC_PREFIX_HEADER = "Tick Tock/Tick Tock-Prefix.pch";
				INFOPLIST_FILE = "Tick Tock/Tick Tock-Info.plist";
				PRODUCT_NAME = "$(TARGET_NAME)";
				WRAPPER_EXTENSION = app;
			};
			name = Release;
		};
		DE5D6B34192AA28E000497A3 /* Debug */ = {
			isa = XCBuildConfiguration;
			buildSettings = {
				BUNDLE_LOADER = "$(BUILT_PRODUCTS_DIR)/Tick Tock.app/Tick Tock";
				FRAMEWORK_SEARCH_PATHS = (
					"$(SDKROOT)/Developer/Library/Frameworks",
					"$(inherited)",
					"$(DEVELOPER_FRAMEWORKS_DIR)",
				);
				GCC_PRECOMPILE_PREFIX_HEADER = YES;
				GCC_PREFIX_HEADER = "Tick Tock/Tick Tock-Prefix.pch";
				GCC_PREPROCESSOR_DEFINITIONS = (
					"DEBUG=1",
					"$(inherited)",
				);
				INFOPLIST_FILE = "Tick TockTests/Tick TockTests-Info.plist";
				PRODUCT_NAME = "$(TARGET_NAME)";
				TEST_HOST = "$(BUNDLE_LOADER)";
				WRAPPER_EXTENSION = xctest;
			};
			name = Debug;
		};
		DE5D6B35192AA28E000497A3 /* Release */ = {
			isa = XCBuildConfiguration;
			buildSettings = {
				BUNDLE_LOADER = "$(BUILT_PRODUCTS_DIR)/Tick Tock.app/Tick Tock";
				FRAMEWORK_SEARCH_PATHS = (
					"$(SDKROOT)/Developer/Library/Frameworks",
					"$(inherited)",
					"$(DEVELOPER_FRAMEWORKS_DIR)",
				);
				GCC_PRECOMPILE_PREFIX_HEADER = YES;
				GCC_PREFIX_HEADER = "Tick Tock/Tick Tock-Prefix.pch";
				INFOPLIST_FILE = "Tick TockTests/Tick TockTests-Info.plist";
				PRODUCT_NAME = "$(TARGET_NAME)";
				TEST_HOST = "$(BUNDLE_LOADER)";
				WRAPPER_EXTENSION = xctest;
			};
			name = Release;
		};
/* End XCBuildConfiguration section */

/* Begin XCConfigurationList section */
		DE5D6AFF192AA28D000497A3 /* Build configuration list for PBXProject "Tick Tock" */ = {
			isa = XCConfigurationList;
			buildConfigurations = (
				DE5D6B2E192AA28E000497A3 /* Debug */,
				DE5D6B2F192AA28E000497A3 /* Release */,
			);
			defaultConfigurationIsVisible = 0;
			defaultConfigurationName = Release;
		};
		DE5D6B30192AA28E000497A3 /* Build configuration list for PBXNativeTarget "Tick Tock" */ = {
			isa = XCConfigurationList;
			buildConfigurations = (
				DE5D6B31192AA28E000497A3 /* Debug */,
				DE5D6B32192AA28E000497A3 /* Release */,
			);
			defaultConfigurationIsVisible = 0;
			defaultConfigurationName = Release;
		};
		DE5D6B33192AA28E000497A3 /* Build configuration list for PBXNativeTarget "Tick TockTests" */ = {
			isa = XCConfigurationList;
			buildConfigurations = (
				DE5D6B34192AA28E000497A3 /* Debug */,
				DE5D6B35192AA28E000497A3 /* Release */,
			);
			defaultConfigurationIsVisible = 0;
			defaultConfigurationName = Release;
		};
/* End XCConfigurationList section */
	};
	rootObject = DE5D6AFC192AA28D000497A3 /* Project object */;
}
